
Microsoft Visual Studio Solution File, Format Version 12.00
# Visual Studio Version 17
VisualStudioVersion = 17.10.35122.118
MinimumVisualStudioVersion = 10.0.40219.1
Project("{FAE04EC0-301F-11D3-BF4B-00C04F79EFBC}") = "Questao_2", "Questao_2\Questao_2.csproj", "{7A3C0EA8-D76B-499C-BB7A-3495BC180A6D}"
EndProject
Global
	GlobalSection(SolutionConfigurationPlatforms) = preSolution
		Debug|Any CPU = Debug|Any CPU
		Release|Any CPU = Release|Any CPU
	EndGlobalSection
	GlobalSection(ProjectConfigurationPlatforms) = postSolution
		{7A3C0EA8-D76B-499C-BB7A-3495BC180A6D}.Debug|Any CPU.ActiveCfg = Debug|Any CPU
		{7A3C0EA8-D76B-499C-BB7A-3495BC180A6D}.Debug|Any CPU.Build.0 = Debug|Any CPU
		{7A3C0EA8-D76B-499C-BB7A-3495BC180A6D}.Release|Any CPU.ActiveCfg = Release|Any CPU
		{7A3C0EA8-D76B-499C-BB7A-3495BC180A6D}.Release|Any CPU.Build.0 = Release|Any CPU
	EndGlobalSection
	GlobalSection(SolutionProperties) = preSolution
		HideSolutionNode = FALSE
	EndGlobalSection
	GlobalSection(ExtensibilityGlobals) = postSolution
		SolutionGuid = {BF076DF5-6E55-4A14-BCCF-79D3449C41F0}
	EndGlobalSection
EndGlobal
